// !$*UTF8*$!
{
	archiveVersion = 1;
	classes = {
	};
	objectVersion = 55;
	objects = {

/* Begin PBXBuildFile section */
		AE51C7D12804688B00855A9E /* main.swift in Sources */ = {isa = PBXBuildFile; fileRef = AE51C7D02804688B00855A9E /* main.swift */; };
		AE51C7DA28046D1100855A9E /* ConsoleOut.swift in Sources */ = {isa = PBXBuildFile; fileRef = AE51C7D928046D1100855A9E /* ConsoleOut.swift */; };
		AE51C7E0280478EF00855A9E /* ArgumentHandler.swift in Sources */ = {isa = PBXBuildFile; fileRef = AE51C7DF280478EF00855A9E /* ArgumentHandler.swift */; };
		AE51C7E8280553F400855A9E /* Generator.swift in Sources */ = {isa = PBXBuildFile; fileRef = AE51C7E7280553F400855A9E /* Generator.swift */; };
/* End PBXBuildFile section */

/* Begin PBXCopyFilesBuildPhase section */
		AE51C7CB2804688B00855A9E /* CopyFiles */ = {
			isa = PBXCopyFilesBuildPhase;
			buildActionMask = 2147483647;
			dstPath = /usr/share/man/man1/;
			dstSubfolderSpec = 0;
			files = (
			);
			runOnlyForDeploymentPostprocessing = 1;
		};
/* End PBXCopyFilesBuildPhase section */

/* Begin PBXFileReference section */
		AE51C7CD2804688B00855A9E /* GenViperModules */ = {isa = PBXFileReference; explicitFileType = "compiled.mach-o.executable"; includeInIndex = 0; path = GenViperModules; sourceTree = BUILT_PRODUCTS_DIR; };
		AE51C7D02804688B00855A9E /* main.swift */ = {isa = PBXFileReference; lastKnownFileType = sourcecode.swift; path = main.swift; sourceTree = "<group>"; };
		AE51C7D928046D1100855A9E /* ConsoleOut.swift */ = {isa = PBXFileReference; lastKnownFileType = sourcecode.swift; path = ConsoleOut.swift; sourceTree = "<group>"; };
		AE51C7DF280478EF00855A9E /* ArgumentHandler.swift */ = {isa = PBXFileReference; lastKnownFileType = sourcecode.swift; path = ArgumentHandler.swift; sourceTree = "<group>"; };
		AE51C7E7280553F400855A9E /* Generator.swift */ = {isa = PBXFileReference; lastKnownFileType = sourcecode.swift; path = Generator.swift; sourceTree = "<group>"; };
/* End PBXFileReference section */

/* Begin PBXFrameworksBuildPhase section */
		AE51C7CA2804688B00855A9E /* Frameworks */ = {
			isa = PBXFrameworksBuildPhase;
			buildActionMask = 2147483647;
			files = (
			);
			runOnlyForDeploymentPostprocessing = 0;
		};
/* End PBXFrameworksBuildPhase section */

/* Begin PBXGroup section */
		AE51C7C42804688B00855A9E = {
			isa = PBXGroup;
			children = (
				AE51C7CF2804688B00855A9E /* GenViperModules */,
				AE51C7CE2804688B00855A9E /* Products */,
			);
			sourceTree = "<group>";
		};
		AE51C7CE2804688B00855A9E /* Products */ = {
			isa = PBXGroup;
			children = (
				AE51C7CD2804688B00855A9E /* GenViperModules */,
			);
			name = Products;
			sourceTree = "<group>";
		};
		AE51C7CF2804688B00855A9E /* GenViperModules */ = {
			isa = PBXGroup;
			children = (
				AE51C7D02804688B00855A9E /* main.swift */,
				AE51C7DF280478EF00855A9E /* ArgumentHandler.swift */,
				AE51C7D928046D1100855A9E /* ConsoleOut.swift */,
				AE51C7E7280553F400855A9E /* Generator.swift */,
			);
			path = GenViperModules;
			sourceTree = "<group>";
		};
/* End PBXGroup section */

/* Begin PBXNativeTarget section */
		AE51C7CC2804688B00855A9E /* GenViperModules */ = {
			isa = PBXNativeTarget;
			buildConfigurationList = AE51C7D42804688B00855A9E /* Build configuration list for PBXNativeTarget "GenViperModules" */;
			buildPhases = (
				AE51C7C92804688B00855A9E /* Sources */,
				AE51C7CA2804688B00855A9E /* Frameworks */,
				AE51C7CB2804688B00855A9E /* CopyFiles */,
			);
			buildRules = (
			);
			dependencies = (
			);
			name = GenViperModules;
			productName = GenViperModules;
			productReference = AE51C7CD2804688B00855A9E /* GenViperModules */;
			productType = "com.apple.product-type.tool";
		};
/* End PBXNativeTarget section */

/* Begin PBXProject section */
		AE51C7C52804688B00855A9E /* Project object */ = {
			isa = PBXProject;
			attributes = {
				BuildIndependentTargetsInParallel = 1;
				LastSwiftUpdateCheck = 1330;
				LastUpgradeCheck = 1330;
				TargetAttributes = {
					AE51C7CC2804688B00855A9E = {
						CreatedOnToolsVersion = 13.3;
					};
				};
			};
			buildConfigurationList = AE51C7C82804688B00855A9E /* Build configuration list for PBXProject "GenViperModules" */;
			compatibilityVersion = "Xcode 13.0";
			developmentRegion = en;
			hasScannedForEncodings = 0;
			knownRegions = (
				en,
				Base,
			);
			mainGroup = AE51C7C42804688B00855A9E;
			productRefGroup = AE51C7CE2804688B00855A9E /* Products */;
			projectDirPath = "";
			projectRoot = "";
			targets = (
				AE51C7CC2804688B00855A9E /* GenViperModules */,
			);
		};
/* End PBXProject section */

/* Begin PBXSourcesBuildPhase section */
		AE51C7C92804688B00855A9E /* Sources */ = {
			isa = PBXSourcesBuildPhase;
			buildActionMask = 2147483647;
			files = (
				AE51C7E0280478EF00855A9E /* ArgumentHandler.swift in Sources */,
				AE51C7E8280553F400855A9E /* Generator.swift in Sources */,
				AE51C7DA28046D1100855A9E /* ConsoleOut.swift in Sources */,
				AE51C7D12804688B00855A9E /* main.swift in Sources */,
			);
			runOnlyForDeploymentPostprocessing = 0;
		};
/* End PBXSourcesBuildPhase section */

/* Begin XCBuildConfiguration section */
		AE51C7D22804688B00855A9E /* Debug */ = {
			isa = XCBuildConfiguration;
			buildSettings = {
				ALWAYS_SEARCH_USER_PATHS = NO;
				CLANG_ANALYZER_NONNULL = YES;
				CLANG_ANALYZER_NUMBER_OBJECT_CONVERSION = YES_AGGRESSIVE;
				CLANG_CXX_LANGUAGE_STANDARD = "gnu++17";
				CLANG_ENABLE_MODULES = YES;
				CLANG_ENABLE_OBJC_ARC = YES;
				CLANG_ENABLE_OBJC_WEAK = YES;
				CLANG_WARN_BLOCK_CAPTURE_AUTORELEASING = YES;
				CLANG_WARN_BOOL_CONVERSION = YES;
				CLANG_WARN_COMMA = YES;
				CLANG_WARN_CONSTANT_CONVERSION = YES;
				CLANG_WARN_DEPRECATED_OBJC_IMPLEMENTATIONS = YES;
				CLANG_WARN_DIRECT_OBJC_ISA_USAGE = YES_ERROR;
				CLANG_WARN_DOCUMENTATION_COMMENTS = YES;
				CLANG_WARN_EMPTY_BODY = YES;
				CLANG_WARN_ENUM_CONVERSION = YES;
				CLANG_WARN_INFINITE_RECURSION = YES;
				CLANG_WARN_INT_CONVERSION = YES;
				CLANG_WARN_NON_LITERAL_NULL_CONVERSION = YES;
				CLANG_WARN_OBJC_IMPLICIT_RETAIN_SELF = YES;
				CLANG_WARN_OBJC_LITERAL_CONVERSION = YES;
				CLANG_WARN_OBJC_ROOT_CLASS = YES_ERROR;
				CLANG_WARN_QUOTED_INCLUDE_IN_FRAMEWORK_HEADER = YES;
				CLANG_WARN_RANGE_LOOP_ANALYSIS = YES;
				CLANG_WARN_STRICT_PROTOTYPES = YES;
				CLANG_WARN_SUSPICIOUS_MOVE = YES;
				CLANG_WARN_UNGUARDED_AVAILABILITY = YES_AGGRESSIVE;
				CLANG_WARN_UNREACHABLE_CODE = YES;
				CLANG_WARN__DUPLICATE_METHOD_MATCH = YES;
				COPY_PHASE_STRIP = NO;
				DEBUG_INFORMATION_FORMAT = dwarf;
				ENABLE_STRICT_OBJC_MSGSEND = YES;
				ENABLE_TESTABILITY = YES;
				GCC_C_LANGUAGE_STANDARD = gnu11;
				GCC_DYNAMIC_NO_PIC = NO;
				GCC_NO_COMMON_BLOCKS = YES;
				GCC_OPTIMIZATION_LEVEL = 0;
				GCC_PREPROCESSOR_DEFINITIONS = (
					"DEBUG=1",
					"$(inherited)",
				);
				GCC_WARN_64_TO_32_BIT_CONVERSION = YES;
				GCC_WARN_ABOUT_RETURN_TYPE = YES_ERROR;
				GCC_WARN_UNDECLARED_SELECTOR = YES;
				GCC_WARN_UNINITIALIZED_AUTOS = YES_AGGRESSIVE;
				GCC_WARN_UNUSED_FUNCTION = YES;
				GCC_WARN_UNUSED_VARIABLE = YES;
				MACOSX_DEPLOYMENT_TARGET = 12.2;
				MTL_ENABLE_DEBUG_INFO = INCLUDE_SOURCE;
				MTL_FAST_MATH = YES;
				ONLY_ACTIVE_ARCH = YES;
				SDKROOT = macosx;
				SWIFT_ACTIVE_COMPILATION_CONDITIONS = DEBUG;
				SWIFT_OPTIMIZATION_LEVEL = "-Onone";
			};
			name = Debug;
		};
		AE51C7D32804688B00855A9E /* Release */ = {
			isa = XCBuildConfiguration;
			buildSettings = {
				ALWAYS_SEARCH_USER_PATHS = NO;
				CLANG_ANALYZER_NONNULL = YES;
				CLANG_ANALYZER_NUMBER_OBJECT_CONVERSION = YES_AGGRESSIVE;
				CLANG_CXX_LANGUAGE_STANDARD = "gnu++17";
				CLANG_ENABLE_MODULES = YES;
				CLANG_ENABLE_OBJC_ARC = YES;
				CLANG_ENABLE_OBJC_WEAK = YES;
				CLANG_WARN_BLOCK_CAPTURE_AUTORELEASING = YES;
				CLANG_WARN_BOOL_CONVERSION = YES;
				CLANG_WARN_COMMA = YES;
				CLANG_WARN_CONSTANT_CONVERSION = YES;
				CLANG_WARN_DEPRECATED_OBJC_IMPLEMENTATIONS = YES;
				CLANG_WARN_DIRECT_OBJC_ISA_USAGE = YES_ERROR;
				CLANG_WARN_DOCUMENTATION_COMMENTS = YES;
				CLANG_WARN_EMPTY_BODY = YES;
				CLANG_WARN_ENUM_CONVERSION = YES;
				CLANG_WARN_INFINITE_RECURSION = YES;
				CLANG_WARN_INT_CONVERSION = YES;
				CLANG_WARN_NON_LITERAL_NULL_CONVERSION = YES;
				CLANG_WARN_OBJC_IMPLICIT_RETAIN_SELF = YES;
				CLANG_WARN_OBJC_LITERAL_CONVERSION = YES;
				CLANG_WARN_OBJC_ROOT_CLASS = YES_ERROR;
				CLANG_WARN_QUOTED_INCLUDE_IN_FRAMEWORK_HEADER = YES;
				CLANG_WARN_RANGE_LOOP_ANALYSIS = YES;
				CLANG_WARN_STRICT_PROTOTYPES = YES;
				CLANG_WARN_SUSPICIOUS_MOVE = YES;
				CLANG_WARN_UNGUARDED_AVAILABILITY = YES_AGGRESSIVE;
				CLANG_WARN_UNREACHABLE_CODE = YES;
				CLANG_WARN__DUPLICATE_METHOD_MATCH = YES;
				COPY_PHASE_STRIP = NO;
				DEBUG_INFORMATION_FORMAT = "dwarf-with-dsym";
				ENABLE_NS_ASSERTIONS = NO;
				ENABLE_STRICT_OBJC_MSGSEND = YES;
				GCC_C_LANGUAGE_STANDARD = gnu11;
				GCC_NO_COMMON_BLOCKS = YES;
				GCC_WARN_64_TO_32_BIT_CONVERSION = YES;
				GCC_WARN_ABOUT_RETURN_TYPE = YES_ERROR;
				GCC_WARN_UNDECLARED_SELECTOR = YES;
				GCC_WARN_UNINITIALIZED_AUTOS = YES_AGGRESSIVE;
				GCC_WARN_UNUSED_FUNCTION = YES;
				GCC_WARN_UNUSED_VARIABLE = YES;
				MACOSX_DEPLOYMENT_TARGET = 12.2;
				MTL_ENABLE_DEBUG_INFO = NO;
				MTL_FAST_MATH = YES;
				SDKROOT = macosx;
				SWIFT_COMPILATION_MODE = wholemodule;
				SWIFT_OPTIMIZATION_LEVEL = "-O";
			};
			name = Release;
		};
		AE51C7D52804688B00855A9E /* Debug */ = {
			isa = XCBuildConfiguration;
			buildSettings = {
				CODE_SIGN_STYLE = Automatic;
				PRODUCT_NAME = "$(TARGET_NAME)";
				SWIFT_VERSION = 5.0;
			};
			name = Debug;
		};
		AE51C7D62804688B00855A9E /* Release */ = {
			isa = XCBuildConfiguration;
			buildSettings = {
				CODE_SIGN_STYLE = Automatic;
				PRODUCT_NAME = "$(TARGET_NAME)";
				SWIFT_VERSION = 5.0;
			};
			name = Release;
		};
/* End XCBuildConfiguration section */

/* Begin XCConfigurationList section */
		AE51C7C82804688B00855A9E /* Build configuration list for PBXProject "GenViperModules" */ = {
			isa = XCConfigurationList;
			buildConfigurations = (
				AE51C7D22804688B00855A9E /* Debug */,
				AE51C7D32804688B00855A9E /* Release */,
			);
			defaultConfigurationIsVisible = 0;
			defaultConfigurationName = Release;
		};
		AE51C7D42804688B00855A9E /* Build configuration list for PBXNativeTarget "GenViperModules" */ = {
			isa = XCConfigurationList;
			buildConfigurations = (
				AE51C7D52804688B00855A9E /* Debug */,
				AE51C7D62804688B00855A9E /* Release */,
			);
			defaultConfigurationIsVisible = 0;
			defaultConfigurationName = Release;
		};
/* End XCConfigurationList section */
	};
	rootObject = AE51C7C52804688B00855A9E /* Project object */;
}
